// !$*UTF8*$!
{
	archiveVersion = 1;
	classes = {
	};
	objectVersion = 51;
	objects = {

/* Begin PBXBuildFile section */
		6B25766D0BA437930EB49B1C /* Pods_FirebaseSwiftUI.framework in Frameworks */ = {isa = PBXBuildFile; fileRef = 25E14AB803A2BCFD022F0AC8 /* Pods_FirebaseSwiftUI.framework */; };
		D33F1AE4234EEA0C003844A7 /* Network.swift in Sources */ = {isa = PBXBuildFile; fileRef = D33F1AE3234EEA0C003844A7 /* Network.swift */; };
		D33F1AE6234EEA8F003844A7 /* Item.swift in Sources */ = {isa = PBXBuildFile; fileRef = D33F1AE5234EEA8F003844A7 /* Item.swift */; };
		D38F138F234CF263007D1606 /* AppDelegate.swift in Sources */ = {isa = PBXBuildFile; fileRef = D38F138E234CF263007D1606 /* AppDelegate.swift */; };
		D38F1391234CF263007D1606 /* SceneDelegate.swift in Sources */ = {isa = PBXBuildFile; fileRef = D38F1390234CF263007D1606 /* SceneDelegate.swift */; };
		D38F1393234CF263007D1606 /* TimelineView.swift in Sources */ = {isa = PBXBuildFile; fileRef = D38F1392234CF263007D1606 /* TimelineView.swift */; };
		D38F1395234CF265007D1606 /* Assets.xcassets in Resources */ = {isa = PBXBuildFile; fileRef = D38F1394234CF265007D1606 /* Assets.xcassets */; };
		D38F1398234CF265007D1606 /* Preview Assets.xcassets in Resources */ = {isa = PBXBuildFile; fileRef = D38F1397234CF265007D1606 /* Preview Assets.xcassets */; };
		D38F139B234CF265007D1606 /* LaunchScreen.storyboard in Resources */ = {isa = PBXBuildFile; fileRef = D38F1399234CF265007D1606 /* LaunchScreen.storyboard */; };
		D3E1C0EF234EEEF80006BB3A /* GoogleService-Info.plist in Resources */ = {isa = PBXBuildFile; fileRef = D3E1C0EE234EEEF80006BB3A /* GoogleService-Info.plist */; };
		D3E1C0F1234F00FA0006BB3A /* PostView.swift in Sources */ = {isa = PBXBuildFile; fileRef = D3E1C0F0234F00FA0006BB3A /* PostView.swift */; };
		D3E1C0F3234F19D30006BB3A /* TimelineModel.swift in Sources */ = {isa = PBXBuildFile; fileRef = D3E1C0F2234F19D30006BB3A /* TimelineModel.swift */; };
/* End PBXBuildFile section */

/* Begin PBXFileReference section */
		25E14AB803A2BCFD022F0AC8 /* Pods_FirebaseSwiftUI.framework */ = {isa = PBXFileReference; explicitFileType = wrapper.framework; includeInIndex = 0; path = Pods_FirebaseSwiftUI.framework; sourceTree = BUILT_PRODUCTS_DIR; };
		4C7A0D6F0D2231CED6DD59C7 /* Pods-FirebaseSwiftUI.debug.xcconfig */ = {isa = PBXFileReference; includeInIndex = 1; lastKnownFileType = text.xcconfig; name = "Pods-FirebaseSwiftUI.debug.xcconfig"; path = "Target Support Files/Pods-FirebaseSwiftUI/Pods-FirebaseSwiftUI.debug.xcconfig"; sourceTree = "<group>"; };
		8358A6435610A03334D1B2E5 /* Pods-FirebaseSwiftUI.release.xcconfig */ = {isa = PBXFileReference; includeInIndex = 1; lastKnownFileType = text.xcconfig; name = "Pods-FirebaseSwiftUI.release.xcconfig"; path = "Target Support Files/Pods-FirebaseSwiftUI/Pods-FirebaseSwiftUI.release.xcconfig"; sourceTree = "<group>"; };
		D33F1AE3234EEA0C003844A7 /* Network.swift */ = {isa = PBXFileReference; lastKnownFileType = sourcecode.swift; path = Network.swift; sourceTree = "<group>"; };
		D33F1AE5234EEA8F003844A7 /* Item.swift */ = {isa = PBXFileReference; lastKnownFileType = sourcecode.swift; path = Item.swift; sourceTree = "<group>"; };
		D38F138B234CF263007D1606 /* FirebaseSwiftUI.app */ = {isa = PBXFileReference; explicitFileType = wrapper.application; includeInIndex = 0; path = FirebaseSwiftUI.app; sourceTree = BUILT_PRODUCTS_DIR; };
		D38F138E234CF263007D1606 /* AppDelegate.swift */ = {isa = PBXFileReference; lastKnownFileType = sourcecode.swift; path = AppDelegate.swift; sourceTree = "<group>"; };
		D38F1390234CF263007D1606 /* SceneDelegate.swift */ = {isa = PBXFileReference; lastKnownFileType = sourcecode.swift; path = SceneDelegate.swift; sourceTree = "<group>"; };
		D38F1392234CF263007D1606 /* TimelineView.swift */ = {isa = PBXFileReference; lastKnownFileType = sourcecode.swift; path = TimelineView.swift; sourceTree = "<group>"; };
		D38F1394234CF265007D1606 /* Assets.xcassets */ = {isa = PBXFileReference; lastKnownFileType = folder.assetcatalog; path = Assets.xcassets; sourceTree = "<group>"; };
		D38F1397234CF265007D1606 /* Preview Assets.xcassets */ = {isa = PBXFileReference; lastKnownFileType = folder.assetcatalog; path = "Preview Assets.xcassets"; sourceTree = "<group>"; };
		D38F139A234CF265007D1606 /* Base */ = {isa = PBXFileReference; lastKnownFileType = file.storyboard; name = Base; path = Base.lproj/LaunchScreen.storyboard; sourceTree = "<group>"; };
		D38F139C234CF265007D1606 /* Info.plist */ = {isa = PBXFileReference; lastKnownFileType = text.plist.xml; path = Info.plist; sourceTree = "<group>"; };
		D3E1C0EE234EEEF80006BB3A /* GoogleService-Info.plist */ = {isa = PBXFileReference; fileEncoding = 4; lastKnownFileType = text.plist.xml; path = "GoogleService-Info.plist"; sourceTree = "<group>"; };
		D3E1C0F0234F00FA0006BB3A /* PostView.swift */ = {isa = PBXFileReference; lastKnownFileType = sourcecode.swift; path = PostView.swift; sourceTree = "<group>"; };
		D3E1C0F2234F19D30006BB3A /* TimelineModel.swift */ = {isa = PBXFileReference; lastKnownFileType = sourcecode.swift; path = TimelineModel.swift; sourceTree = "<group>"; };
/* End PBXFileReference section */

/* Begin PBXFrameworksBuildPhase section */
		D38F1388234CF263007D1606 /* Frameworks */ = {
			isa = PBXFrameworksBuildPhase;
			buildActionMask = 2147483647;
			files = (
				6B25766D0BA437930EB49B1C /* Pods_FirebaseSwiftUI.framework in Frameworks */,
			);
			runOnlyForDeploymentPostprocessing = 0;
		};
/* End PBXFrameworksBuildPhase section */

/* Begin PBXGroup section */
		31EFE443F21780F78BF1A175 /* Pods */ = {
			isa = PBXGroup;
			children = (
				4C7A0D6F0D2231CED6DD59C7 /* Pods-FirebaseSwiftUI.debug.xcconfig */,
				8358A6435610A03334D1B2E5 /* Pods-FirebaseSwiftUI.release.xcconfig */,
			);
			path = Pods;
			sourceTree = "<group>";
		};
		5C601044D860F9CBA2339A7D /* Frameworks */ = {
			isa = PBXGroup;
			children = (
				25E14AB803A2BCFD022F0AC8 /* Pods_FirebaseSwiftUI.framework */,
			);
			name = Frameworks;
			sourceTree = "<group>";
		};
		D38F1382234CF263007D1606 = {
			isa = PBXGroup;
			children = (
				D38F138D234CF263007D1606 /* FirebaseSwiftUI */,
				D38F138C234CF263007D1606 /* Products */,
				31EFE443F21780F78BF1A175 /* Pods */,
				5C601044D860F9CBA2339A7D /* Frameworks */,
			);
			sourceTree = "<group>";
		};
		D38F138C234CF263007D1606 /* Products */ = {
			isa = PBXGroup;
			children = (
				D38F138B234CF263007D1606 /* FirebaseSwiftUI.app */,
			);
			name = Products;
			sourceTree = "<group>";
		};
		D38F138D234CF263007D1606 /* FirebaseSwiftUI */ = {
			isa = PBXGroup;
			children = (
				D3E1C0EE234EEEF80006BB3A /* GoogleService-Info.plist */,
				D38F139C234CF265007D1606 /* Info.plist */,
				D38F138E234CF263007D1606 /* AppDelegate.swift */,
				D33F1AE5234EEA8F003844A7 /* Item.swift */,
				D33F1AE3234EEA0C003844A7 /* Network.swift */,
				D3E1C0F0234F00FA0006BB3A /* PostView.swift */,
				D38F1390234CF263007D1606 /* SceneDelegate.swift */,
				D3E1C0F2234F19D30006BB3A /* TimelineModel.swift */,
				D38F1392234CF263007D1606 /* TimelineView.swift */,
				D38F1394234CF265007D1606 /* Assets.xcassets */,
				D38F1399234CF265007D1606 /* LaunchScreen.storyboard */,
				D38F1396234CF265007D1606 /* Preview Content */,
			);
			path = FirebaseSwiftUI;
			sourceTree = "<group>";
		};
		D38F1396234CF265007D1606 /* Preview Content */ = {
			isa = PBXGroup;
			children = (
				D38F1397234CF265007D1606 /* Preview Assets.xcassets */,
			);
			path = "Preview Content";
			sourceTree = "<group>";
		};
/* End PBXGroup section */

/* Begin PBXNativeTarget section */
		D38F138A234CF263007D1606 /* FirebaseSwiftUI */ = {
			isa = PBXNativeTarget;
			buildConfigurationList = D38F139F234CF265007D1606 /* Build configuration list for PBXNativeTarget "FirebaseSwiftUI" */;
			buildPhases = (
				282BC130EA4576826AF49473 /* [CP] Check Pods Manifest.lock */,
				D38F1387234CF263007D1606 /* Sources */,
				D38F1388234CF263007D1606 /* Frameworks */,
				D38F1389234CF263007D1606 /* Resources */,
				CDCBE714751E9918A22F118B /* [CP] Embed Pods Frameworks */,
			);
			buildRules = (
			);
			dependencies = (
			);
			name = FirebaseSwiftUI;
			productName = FirebaseSwiftUI;
			productReference = D38F138B234CF263007D1606 /* FirebaseSwiftUI.app */;
			productType = "com.apple.product-type.application";
		};
/* End PBXNativeTarget section */

/* Begin PBXProject section */
		D38F1383234CF263007D1606 /* Project object */ = {
			isa = PBXProject;
			attributes = {
				LastSwiftUpdateCheck = 1100;
				LastUpgradeCheck = 1100;
				ORGANIZATIONNAME = "Fumiya Tanaka";
				TargetAttributes = {
					D38F138A234CF263007D1606 = {
						CreatedOnToolsVersion = 11.0;
					};
				};
			};
			buildConfigurationList = D38F1386234CF263007D1606 /* Build configuration list for PBXProject "FirebaseSwiftUI" */;
			compatibilityVersion = "Xcode 9.3";
			developmentRegion = en;
			hasScannedForEncodings = 0;
			knownRegions = (
				en,
				Base,
			);
			mainGroup = D38F1382234CF263007D1606;
			productRefGroup = D38F138C234CF263007D1606 /* Products */;
			projectDirPath = "";
			projectRoot = "";
			targets = (
				D38F138A234CF263007D1606 /* FirebaseSwiftUI */,
			);
		};
/* End PBXProject section */

/* Begin PBXResourcesBuildPhase section */
		D38F1389234CF263007D1606 /* Resources */ = {
			isa = PBXResourcesBuildPhase;
			buildActionMask = 2147483647;
			files = (
				D38F139B234CF265007D1606 /* LaunchScreen.storyboard in Resources */,
				D3E1C0EF234EEEF80006BB3A /* GoogleService-Info.plist in Resources */,
				D38F1398234CF265007D1606 /* Preview Assets.xcassets in Resources */,
				D38F1395234CF265007D1606 /* Assets.xcassets in Resources */,
			);
			runOnlyForDeploymentPostprocessing = 0;
		};
/* End PBXResourcesBuildPhase section */

/* Begin PBXShellScriptBuildPhase section */
		282BC130EA4576826AF49473 /* [CP] Check Pods Manifest.lock */ = {
			isa = PBXShellScriptBuildPhase;
			buildActionMask = 2147483647;
			files = (
			);
			inputFileListPaths = (
			);
			inputPaths = (
				"${PODS_PODFILE_DIR_PATH}/Podfile.lock",
				"${PODS_ROOT}/Manifest.lock",
			);
			name = "[CP] Check Pods Manifest.lock";
			outputFileListPaths = (
			);
			outputPaths = (
				"$(DERIVED_FILE_DIR)/Pods-FirebaseSwiftUI-checkManifestLockResult.txt",
			);
			runOnlyForDeploymentPostprocessing = 0;
			shellPath = /bin/sh;
			shellScript = "diff \"${PODS_PODFILE_DIR_PATH}/Podfile.lock\" \"${PODS_ROOT}/Manifest.lock\" > /dev/null\nif [ $? != 0 ] ; then\n    # print error to STDERR\n    echo \"error: The sandbox is not in sync with the Podfile.lock. Run 'pod install' or update your CocoaPods installation.\" >&2\n    exit 1\nfi\n# This output is used by Xcode 'outputs' to avoid re-running this script phase.\necho \"SUCCESS\" > \"${SCRIPT_OUTPUT_FILE_0}\"\n";
			showEnvVarsInLog = 0;
		};
		CDCBE714751E9918A22F118B /* [CP] Embed Pods Frameworks */ = {
			isa = PBXShellScriptBuildPhase;
			buildActionMask = 2147483647;
			files = (
			);
			inputFileListPaths = (
				"${PODS_ROOT}/Target Support Files/Pods-FirebaseSwiftUI/Pods-FirebaseSwiftUI-frameworks-${CONFIGURATION}-input-files.xcfilelist",
			);
			name = "[CP] Embed Pods Frameworks";
			outputFileListPaths = (
				"${PODS_ROOT}/Target Support Files/Pods-FirebaseSwiftUI/Pods-FirebaseSwiftUI-frameworks-${CONFIGURATION}-output-files.xcfilelist",
			);
			runOnlyForDeploymentPostprocessing = 0;
			shellPath = /bin/sh;
			shellScript = "\"${PODS_ROOT}/Target Support Files/Pods-FirebaseSwiftUI/Pods-FirebaseSwiftUI-frameworks.sh\"\n";
			showEnvVarsInLog = 0;
		};
/* End PBXShellScriptBuildPhase section */

/* Begin PBXSourcesBuildPhase section */
		D38F1387234CF263007D1606 /* Sources */ = {
			isa = PBXSourcesBuildPhase;
			buildActionMask = 2147483647;
			files = (
				D3E1C0F3234F19D30006BB3A /* TimelineModel.swift in Sources */,
				D38F138F234CF263007D1606 /* AppDelegate.swift in Sources */,
				D38F1391234CF263007D1606 /* SceneDelegate.swift in Sources */,
				D38F1393234CF263007D1606 /* TimelineView.swift in Sources */,
				D33F1AE6234EEA8F003844A7 /* Item.swift in Sources */,
				D3E1C0F1234F00FA0006BB3A /* PostView.swift in Sources */,
				D33F1AE4234EEA0C003844A7 /* Network.swift in Sources */,
			);
			runOnlyForDeploymentPostprocessing = 0;
		};
/* End PBXSourcesBuildPhase section */

/* Begin PBXVariantGroup section */
		D38F1399234CF265007D1606 /* LaunchScreen.storyboard */ = {
			isa = PBXVariantGroup;
			children = (
				D38F139A234CF265007D1606 /* Base */,
			);
			name = LaunchScreen.storyboard;
			sourceTree = "<group>";
		};
/* End PBXVariantGroup section */

/* Begin XCBuildConfiguration section */
		D38F139D234CF265007D1606 /* Debug */ = {
			isa = XCBuildConfiguration;
			buildSettings = {
				ALWAYS_SEARCH_USER_PATHS = NO;
				CLANG_ANALYZER_NONNULL = YES;
				CLANG_ANALYZER_NUMBER_OBJECT_CONVERSION = YES_AGGRESSIVE;
				CLANG_CXX_LANGUAGE_STANDARD = "gnu++14";
				CLANG_CXX_LIBRARY = "libc++";
				CLANG_ENABLE_MODULES = YES;
				CLANG_ENABLE_OBJC_ARC = YES;
				CLANG_ENABLE_OBJC_WEAK = YES;
				CLANG_WARN_BLOCK_CAPTURE_AUTORELEASING = YES;
				CLANG_WARN_BOOL_CONVERSION = YES;
				CLANG_WARN_COMMA = YES;
				CLANG_WARN_CONSTANT_CONVERSION = YES;
				CLANG_WARN_DEPRECATED_OBJC_IMPLEMENTATIONS = YES;
				CLANG_WARN_DIRECT_OBJC_ISA_USAGE = YES_ERROR;
				CLANG_WARN_DOCUMENTATION_COMMENTS = YES;
				CLANG_WARN_EMPTY_BODY = YES;
				CLANG_WARN_ENUM_CONVERSION = YES;
				CLANG_WARN_INFINITE_RECURSION = YES;
				CLANG_WARN_INT_CONVERSION = YES;
				CLANG_WARN_NON_LITERAL_NULL_CONVERSION = YES;
				CLANG_WARN_OBJC_IMPLICIT_RETAIN_SELF = YES;
				CLANG_WARN_OBJC_LITERAL_CONVERSION = YES;
				CLANG_WARN_OBJC_ROOT_CLASS = YES_ERROR;
				CLANG_WARN_RANGE_LOOP_ANALYSIS = YES;
				CLANG_WARN_STRICT_PROTOTYPES = YES;
				CLANG_WARN_SUSPICIOUS_MOVE = YES;
				CLANG_WARN_UNGUARDED_AVAILABILITY = YES_AGGRESSIVE;
				CLANG_WARN_UNREACHABLE_CODE = YES;
				CLANG_WARN__DUPLICATE_METHOD_MATCH = YES;
				COPY_PHASE_STRIP = NO;
				DEBUG_INFORMATION_FORMAT = dwarf;
				ENABLE_STRICT_OBJC_MSGSEND = YES;
				ENABLE_TESTABILITY = YES;
				GCC_C_LANGUAGE_STANDARD = gnu11;
				GCC_DYNAMIC_NO_PIC = NO;
				GCC_NO_COMMON_BLOCKS = YES;
				GCC_OPTIMIZATION_LEVEL = 0;
				GCC_PREPROCESSOR_DEFINITIONS = (
					"DEBUG=1",
					"$(inherited)",
				);
				GCC_WARN_64_TO_32_BIT_CONVERSION = YES;
				GCC_WARN_ABOUT_RETURN_TYPE = YES_ERROR;
				GCC_WARN_UNDECLARED_SELECTOR = YES;
				GCC_WARN_UNINITIALIZED_AUTOS = YES_AGGRESSIVE;
				GCC_WARN_UNUSED_FUNCTION = YES;
				GCC_WARN_UNUSED_VARIABLE = YES;
				IPHONEOS_DEPLOYMENT_TARGET = 13.0;
				MTL_ENABLE_DEBUG_INFO = INCLUDE_SOURCE;
				MTL_FAST_MATH = YES;
				ONLY_ACTIVE_ARCH = YES;
				SDKROOT = iphoneos;
				SWIFT_ACTIVE_COMPILATION_CONDITIONS = DEBUG;
				SWIFT_OPTIMIZATION_LEVEL = "-Onone";
			};
			name = Debug;
		};
		D38F139E234CF265007D1606 /* Release */ = {
			isa = XCBuildConfiguration;
			buildSettings = {
				ALWAYS_SEARCH_USER_PATHS = NO;
				CLANG_ANALYZER_NONNULL = YES;
				CLANG_ANALYZER_NUMBER_OBJECT_CONVERSION = YES_AGGRESSIVE;
				CLANG_CXX_LANGUAGE_STANDARD = "gnu++14";
				CLANG_CXX_LIBRARY = "libc++";
				CLANG_ENABLE_MODULES = YES;
				CLANG_ENABLE_OBJC_ARC = YES;
				CLANG_ENABLE_OBJC_WEAK = YES;
				CLANG_WARN_BLOCK_CAPTURE_AUTORELEASING = YES;
				CLANG_WARN_BOOL_CONVERSION = YES;
				CLANG_WARN_COMMA = YES;
				CLANG_WARN_CONSTANT_CONVERSION = YES;
				CLANG_WARN_DEPRECATED_OBJC_IMPLEMENTATIONS = YES;
				CLANG_WARN_DIRECT_OBJC_ISA_USAGE = YES_ERROR;
				CLANG_WARN_DOCUMENTATION_COMMENTS = YES;
				CLANG_WARN_EMPTY_BODY = YES;
				CLANG_WARN_ENUM_CONVERSION = YES;
				CLANG_WARN_INFINITE_RECURSION = YES;
				CLANG_WARN_INT_CONVERSION = YES;
				CLANG_WARN_NON_LITERAL_NULL_CONVERSION = YES;
				CLANG_WARN_OBJC_IMPLICIT_RETAIN_SELF = YES;
				CLANG_WARN_OBJC_LITERAL_CONVERSION = YES;
				CLANG_WARN_OBJC_ROOT_CLASS = YES_ERROR;
				CLANG_WARN_RANGE_LOOP_ANALYSIS = YES;
				CLANG_WARN_STRICT_PROTOTYPES = YES;
				CLANG_WARN_SUSPICIOUS_MOVE = YES;
				CLANG_WARN_UNGUARDED_AVAILABILITY = YES_AGGRESSIVE;
				CLANG_WARN_UNREACHABLE_CODE = YES;
				CLANG_WARN__DUPLICATE_METHOD_MATCH = YES;
				COPY_PHASE_STRIP = NO;
				DEBUG_INFORMATION_FORMAT = "dwarf-with-dsym";
				ENABLE_NS_ASSERTIONS = NO;
				ENABLE_STRICT_OBJC_MSGSEND = YES;
				GCC_C_LANGUAGE_STANDARD = gnu11;
				GCC_NO_COMMON_BLOCKS = YES;
				GCC_WARN_64_TO_32_BIT_CONVERSION = YES;
				GCC_WARN_ABOUT_RETURN_TYPE = YES_ERROR;
				GCC_WARN_UNDECLARED_SELECTOR = YES;
				GCC_WARN_UNINITIALIZED_AUTOS = YES_AGGRESSIVE;
				GCC_WARN_UNUSED_FUNCTION = YES;
				GCC_WARN_UNUSED_VARIABLE = YES;
				IPHONEOS_DEPLOYMENT_TARGET = 13.0;
				MTL_ENABLE_DEBUG_INFO = NO;
				MTL_FAST_MATH = YES;
				SDKROOT = iphoneos;
				SWIFT_COMPILATION_MODE = wholemodule;
				SWIFT_OPTIMIZATION_LEVEL = "-O";
				VALIDATE_PRODUCT = YES;
			};
			name = Release;
		};
		D38F13A0234CF265007D1606 /* Debug */ = {
			isa = XCBuildConfiguration;
			baseConfigurationReference = 4C7A0D6F0D2231CED6DD59C7 /* Pods-FirebaseSwiftUI.debug.xcconfig */;
			buildSettings = {
				ASSETCATALOG_COMPILER_APPICON_NAME = AppIcon;
				CODE_SIGN_STYLE = Automatic;
				DEVELOPMENT_ASSET_PATHS = "\"FirebaseSwiftUI/Preview Content\"";
				DEVELOPMENT_TEAM = 2X6AD4W323;
				ENABLE_PREVIEWS = YES;
				INFOPLIST_FILE = FirebaseSwiftUI/Info.plist;
				LD_RUNPATH_SEARCH_PATHS = (
					"$(inherited)",
					"@executable_path/Frameworks",
				);
				PRODUCT_BUNDLE_IDENTIFIER = app.swimee.FirebaseSwiftUI;
				PRODUCT_NAME = "$(TARGET_NAME)";
				SWIFT_VERSION = 5.0;
				TARGETED_DEVICE_FAMILY = "1,2";
			};
			name = Debug;
		};
		D38F13A1234CF265007D1606 /* Release */ = {
			isa = XCBuildConfiguration;
			baseConfigurationReference = 8358A6435610A03334D1B2E5 /* Pods-FirebaseSwiftUI.release.xcconfig */;
			buildSettings = {
				ASSETCATALOG_COMPILER_APPICON_NAME = AppIcon;
				CODE_SIGN_STYLE = Automatic;
				DEVELOPMENT_ASSET_PATHS = "\"FirebaseSwiftUI/Preview Content\"";
				DEVELOPMENT_TEAM = 2X6AD4W323;
				ENABLE_PREVIEWS = YES;
				INFOPLIST_FILE = FirebaseSwiftUI/Info.plist;
				LD_RUNPATH_SEARCH_PATHS = (
					"$(inherited)",
					"@executable_path/Frameworks",
				);
				PRODUCT_BUNDLE_IDENTIFIER = app.swimee.FirebaseSwiftUI;
				PRODUCT_NAME = "$(TARGET_NAME)";
				SWIFT_VERSION = 5.0;
				TARGETED_DEVICE_FAMILY = "1,2";
			};
			name = Release;
		};
/* End XCBuildConfiguration section */

/* Begin XCConfigurationList section */
		D38F1386234CF263007D1606 /* Build configuration list for PBXProject "FirebaseSwiftUI" */ = {
			isa = XCConfigurationList;
			buildConfigurations = (
				D38F139D234CF265007D1606 /* Debug */,
				D38F139E234CF265007D1606 /* Release */,
			);
			defaultConfigurationIsVisible = 0;
			defaultConfigurationName = Release;
		};
		D38F139F234CF265007D1606 /* Build configuration list for PBXNativeTarget "FirebaseSwiftUI" */ = {
			isa = XCConfigurationList;
			buildConfigurations = (
				D38F13A0234CF265007D1606 /* Debug */,
				D38F13A1234CF265007D1606 /* Release */,
			);
			defaultConfigurationIsVisible = 0;
			defaultConfigurationName = Release;
		};
/* End XCConfigurationList section */
	};
	rootObject = D38F1383234CF263007D1606 /* Project object */;
}
